
Microsoft Visual Studio Solution File, Format Version 12.00
# Visual Studio Version 17
VisualStudioVersion = 17.3.32922.545
MinimumVisualStudioVersion = 10.0.40219.1
Project("{9A19103F-16F7-4668-BE54-9A1E7A4F7556}") = "AdventOfCode2022", "AdventOfCode2022\AdventOfCode2022.csproj", "{475CF151-4315-402D-9F11-99E3C7DA4EC7}"
EndProject
Project("{9A19103F-16F7-4668-BE54-9A1E7A4F7556}") = "AdventOfCode2023", "AdventOfCode2023\AdventOfCode2023.csproj", "{769FDB46-81DA-4560-BCE6-9B0308429C07}"
EndProject
Project("{9A19103F-16F7-4668-BE54-9A1E7A4F7556}") = "AdventOfCode2024", "AdventOfCode2024\AdventOfCode2024.csproj", "{8C110DA4-B57D-4215-9AA6-1673ED226D95}"
EndProject
Project("{FAE04EC0-301F-11D3-BF4B-00C04F79EFBC}") = "AdventOfCode2024.Tests", "AdventOfCode2024.Tests\AdventOfCode2024.Tests.csproj", "{63FC6D1B-2F68-406C-9895-A14AC12B496D}"
EndProject
Project("{FAE04EC0-301F-11D3-BF4B-00C04F79EFBC}") = "AdventOfCode2025", "AdventOfCode2025\AdventOfCode2025.csproj", "{961582FA-FCAE-431E-BD14-14B2332CA17A}"
EndProject
Project("{FAE04EC0-301F-11D3-BF4B-00C04F79EFBC}") = "ConsoleHelper", "ConsoleHelper\ConsoleHelper.csproj", "{060A0E8A-F909-43DB-BB94-0A55A0CBBA69}"
EndProject
Global
	GlobalSection(SolutionConfigurationPlatforms) = preSolution
		Debug|Any CPU = Debug|Any CPU
		Release|Any CPU = Release|Any CPU
	EndGlobalSection
	GlobalSection(ProjectConfigurationPlatforms) = postSolution
		{475CF151-4315-402D-9F11-99E3C7DA4EC7}.Debug|Any CPU.ActiveCfg = Debug|Any CPU
		{475CF151-4315-402D-9F11-99E3C7DA4EC7}.Debug|Any CPU.Build.0 = Debug|Any CPU
		{475CF151-4315-402D-9F11-99E3C7DA4EC7}.Release|Any CPU.ActiveCfg = Release|Any CPU
		{475CF151-4315-402D-9F11-99E3C7DA4EC7}.Release|Any CPU.Build.0 = Release|Any CPU
		{769FDB46-81DA-4560-BCE6-9B0308429C07}.Debug|Any CPU.ActiveCfg = Debug|Any CPU
		{769FDB46-81DA-4560-BCE6-9B0308429C07}.Debug|Any CPU.Build.0 = Debug|Any CPU
		{769FDB46-81DA-4560-BCE6-9B0308429C07}.Release|Any CPU.ActiveCfg = Release|Any CPU
		{769FDB46-81DA-4560-BCE6-9B0308429C07}.Release|Any CPU.Build.0 = Release|Any CPU
		{8C110DA4-B57D-4215-9AA6-1673ED226D95}.Debug|Any CPU.ActiveCfg = Debug|Any CPU
		{8C110DA4-B57D-4215-9AA6-1673ED226D95}.Debug|Any CPU.Build.0 = Debug|Any CPU
		{8C110DA4-B57D-4215-9AA6-1673ED226D95}.Release|Any CPU.ActiveCfg = Release|Any CPU
		{8C110DA4-B57D-4215-9AA6-1673ED226D95}.Release|Any CPU.Build.0 = Release|Any CPU
		{63FC6D1B-2F68-406C-9895-A14AC12B496D}.Debug|Any CPU.ActiveCfg = Debug|Any CPU
		{63FC6D1B-2F68-406C-9895-A14AC12B496D}.Debug|Any CPU.Build.0 = Debug|Any CPU
		{63FC6D1B-2F68-406C-9895-A14AC12B496D}.Release|Any CPU.ActiveCfg = Release|Any CPU
		{63FC6D1B-2F68-406C-9895-A14AC12B496D}.Release|Any CPU.Build.0 = Release|Any CPU
		{961582FA-FCAE-431E-BD14-14B2332CA17A}.Debug|Any CPU.ActiveCfg = Debug|Any CPU
		{961582FA-FCAE-431E-BD14-14B2332CA17A}.Debug|Any CPU.Build.0 = Debug|Any CPU
		{961582FA-FCAE-431E-BD14-14B2332CA17A}.Release|Any CPU.ActiveCfg = Release|Any CPU
		{961582FA-FCAE-431E-BD14-14B2332CA17A}.Release|Any CPU.Build.0 = Release|Any CPU
		{060A0E8A-F909-43DB-BB94-0A55A0CBBA69}.Debug|Any CPU.ActiveCfg = Debug|Any CPU
		{060A0E8A-F909-43DB-BB94-0A55A0CBBA69}.Debug|Any CPU.Build.0 = Debug|Any CPU
		{060A0E8A-F909-43DB-BB94-0A55A0CBBA69}.Release|Any CPU.ActiveCfg = Release|Any CPU
		{060A0E8A-F909-43DB-BB94-0A55A0CBBA69}.Release|Any CPU.Build.0 = Release|Any CPU
	EndGlobalSection
	GlobalSection(SolutionProperties) = preSolution
		HideSolutionNode = FALSE
	EndGlobalSection
	GlobalSection(ExtensibilityGlobals) = postSolution
		SolutionGuid = {7B064F2F-B958-4699-8E43-54E8D9E9D7A1}
	EndGlobalSection
EndGlobal
